
Microsoft Visual Studio Solution File, Format Version 12.00
# Visual Studio 2013
VisualStudioVersion = 12.0.31101.0
MinimumVisualStudioVersion = 10.0.40219.1
Project("{8BC9CEB8-8B4A-11D0-8D11-00A0C91BC942}") = "Echoserver", "Echoserver\Echoserver.vcxproj", "{0AE94E34-95A9-40FB-B06D-BDAA6C61826E}"
EndProject
Project("{8BC9CEB8-8B4A-11D0-8D11-00A0C91BC942}") = "Echoclient", "Echoclient\Echoclient.vcxproj", "{9CE8CA4B-ACA3-4293-BD77-3869FAC3ABE6}"
EndProject
Global
	GlobalSection(SolutionConfigurationPlatforms) = preSolution
		Debug|Win32 = Debug|Win32
		Release|Win32 = Release|Win32
	EndGlobalSection
	GlobalSection(ProjectConfigurationPlatforms) = postSolution
		{0AE94E34-95A9-40FB-B06D-BDAA6C61826E}.Debug|Win32.ActiveCfg = Debug|Win32
		{0AE94E34-95A9-40FB-B06D-BDAA6C61826E}.Debug|Win32.Build.0 = Debug|Win32
		{0AE94E34-95A9-40FB-B06D-BDAA6C61826E}.Release|Win32.ActiveCfg = Release|Win32
		{0AE94E34-95A9-40FB-B06D-BDAA6C61826E}.Release|Win32.Build.0 = Release|Win32
		{9CE8CA4B-ACA3-4293-BD77-3869FAC3ABE6}.Debug|Win32.ActiveCfg = Debug|Win32
		{9CE8CA4B-ACA3-4293-BD77-3869FAC3ABE6}.Debug|Win32.Build.0 = Debug|Win32
		{9CE8CA4B-ACA3-4293-BD77-3869FAC3ABE6}.Release|Win32.ActiveCfg = Release|Win32
		{9CE8CA4B-ACA3-4293-BD77-3869FAC3ABE6}.Release|Win32.Build.0 = Release|Win32
	EndGlobalSection
	GlobalSection(SolutionProperties) = preSolution
		HideSolutionNode = FALSE
	EndGlobalSection
EndGlobal
